
Microsoft Visual Studio Solution File, Format Version 12.00
# Visual Studio Version 16
VisualStudioVersion = 16.0.32510.428
MinimumVisualStudioVersion = 10.0.40219.1
Project("{9A19103F-16F7-4668-BE54-9A1E7A4F7556}") = "01.Person", "01.Person\01.Person.csproj", "{D56B641F-C753-4D61-A356-98A801224D43}"
EndProject
Project("{9A19103F-16F7-4668-BE54-9A1E7A4F7556}") = "02.Salary", "02.Salary\02.Salary.csproj", "{B8530977-EAA8-46A8-A290-77B9CA20D11F}"
EndProject
Project("{9A19103F-16F7-4668-BE54-9A1E7A4F7556}") = "03.ValidationOfData", "03.ValidationOfData\03.ValidationOfData.csproj", "{0CB3B491-E461-4F75-A97C-0C9CBA4C89E9}"
EndProject
Project("{FAE04EC0-301F-11D3-BF4B-00C04F79EFBC}") = "04.Team", "04.Team\04.Team.csproj", "{55457369-A3C8-4DD4-9297-3727EE37C088}"
EndProject
Global
	GlobalSection(SolutionConfigurationPlatforms) = preSolution
		Debug|Any CPU = Debug|Any CPU
		Release|Any CPU = Release|Any CPU
	EndGlobalSection
	GlobalSection(ProjectConfigurationPlatforms) = postSolution
		{D56B641F-C753-4D61-A356-98A801224D43}.Debug|Any CPU.ActiveCfg = Debug|Any CPU
		{D56B641F-C753-4D61-A356-98A801224D43}.Debug|Any CPU.Build.0 = Debug|Any CPU
		{D56B641F-C753-4D61-A356-98A801224D43}.Release|Any CPU.ActiveCfg = Release|Any CPU
		{D56B641F-C753-4D61-A356-98A801224D43}.Release|Any CPU.Build.0 = Release|Any CPU
		{B8530977-EAA8-46A8-A290-77B9CA20D11F}.Debug|Any CPU.ActiveCfg = Debug|Any CPU
		{B8530977-EAA8-46A8-A290-77B9CA20D11F}.Debug|Any CPU.Build.0 = Debug|Any CPU
		{B8530977-EAA8-46A8-A290-77B9CA20D11F}.Release|Any CPU.ActiveCfg = Release|Any CPU
		{B8530977-EAA8-46A8-A290-77B9CA20D11F}.Release|Any CPU.Build.0 = Release|Any CPU
		{0CB3B491-E461-4F75-A97C-0C9CBA4C89E9}.Debug|Any CPU.ActiveCfg = Debug|Any CPU
		{0CB3B491-E461-4F75-A97C-0C9CBA4C89E9}.Debug|Any CPU.Build.0 = Debug|Any CPU
		{0CB3B491-E461-4F75-A97C-0C9CBA4C89E9}.Release|Any CPU.ActiveCfg = Release|Any CPU
		{0CB3B491-E461-4F75-A97C-0C9CBA4C89E9}.Release|Any CPU.Build.0 = Release|Any CPU
		{55457369-A3C8-4DD4-9297-3727EE37C088}.Debug|Any CPU.ActiveCfg = Debug|Any CPU
		{55457369-A3C8-4DD4-9297-3727EE37C088}.Debug|Any CPU.Build.0 = Debug|Any CPU
		{55457369-A3C8-4DD4-9297-3727EE37C088}.Release|Any CPU.ActiveCfg = Release|Any CPU
		{55457369-A3C8-4DD4-9297-3727EE37C088}.Release|Any CPU.Build.0 = Release|Any CPU
	EndGlobalSection
	GlobalSection(SolutionProperties) = preSolution
		HideSolutionNode = FALSE
	EndGlobalSection
	GlobalSection(ExtensibilityGlobals) = postSolution
		SolutionGuid = {EC9E49A7-814F-4696-91C5-1E4142D181AB}
	EndGlobalSection
EndGlobal
